
Microsoft Visual Studio Solution File, Format Version 12.00
# Visual Studio Version 17
VisualStudioVersion = 17.14.36414.22
MinimumVisualStudioVersion = 10.0.40219.1
Project("{8BC9CEB8-8B4A-11D0-8D11-00A0C91BC942}") = "bindctrl", "bindctrl.vcxproj", "{C350694B-1F7C-4F82-B5D8-C21954D27C89}"
EndProject
Project("{8BC9CEB8-8B4A-11D0-8D11-00A0C91BC942}") = "pdevEvent", "pdevEvent\pdevEvent.vcxproj", "{E3DADC94-EDA7-4BFE-B6C1-789E4E176143}"
EndProject
Global
	GlobalSection(SolutionConfigurationPlatforms) = preSolution
		Debug|x64 = Debug|x64
		Debug|x86 = Debug|x86
		Release|x64 = Release|x64
		Release|x86 = Release|x86
	EndGlobalSection
	GlobalSection(ProjectConfigurationPlatforms) = postSolution
		{C350694B-1F7C-4F82-B5D8-C21954D27C89}.Debug|x64.ActiveCfg = Debug|x64
		{C350694B-1F7C-4F82-B5D8-C21954D27C89}.Debug|x64.Build.0 = Debug|x64
		{C350694B-1F7C-4F82-B5D8-C21954D27C89}.Debug|x86.ActiveCfg = Debug|Win32
		{C350694B-1F7C-4F82-B5D8-C21954D27C89}.Debug|x86.Build.0 = Debug|Win32
		{C350694B-1F7C-4F82-B5D8-C21954D27C89}.Release|x64.ActiveCfg = Release|x64
		{C350694B-1F7C-4F82-B5D8-C21954D27C89}.Release|x64.Build.0 = Release|x64
		{C350694B-1F7C-4F82-B5D8-C21954D27C89}.Release|x86.ActiveCfg = Release|Win32
		{C350694B-1F7C-4F82-B5D8-C21954D27C89}.Release|x86.Build.0 = Release|Win32
		{E3DADC94-EDA7-4BFE-B6C1-789E4E176143}.Debug|x64.ActiveCfg = Debug|x64
		{E3DADC94-EDA7-4BFE-B6C1-789E4E176143}.Debug|x64.Build.0 = Debug|x64
		{E3DADC94-EDA7-4BFE-B6C1-789E4E176143}.Debug|x86.ActiveCfg = Debug|Win32
		{E3DADC94-EDA7-4BFE-B6C1-789E4E176143}.Debug|x86.Build.0 = Debug|Win32
		{E3DADC94-EDA7-4BFE-B6C1-789E4E176143}.Release|x64.ActiveCfg = Release|x64
		{E3DADC94-EDA7-4BFE-B6C1-789E4E176143}.Release|x64.Build.0 = Release|x64
		{E3DADC94-EDA7-4BFE-B6C1-789E4E176143}.Release|x86.ActiveCfg = Release|Win32
		{E3DADC94-EDA7-4BFE-B6C1-789E4E176143}.Release|x86.Build.0 = Release|Win32
	EndGlobalSection
	GlobalSection(SolutionProperties) = preSolution
		HideSolutionNode = FALSE
	EndGlobalSection
	GlobalSection(ExtensibilityGlobals) = postSolution
		SolutionGuid = {E02C4E6B-792D-49EF-9D94-F131ED7F5409}
	EndGlobalSection
EndGlobal
